// !$*UTF8*$!
{
	archiveVersion = 1;
	classes = {
	};
	objectVersion = 48;
	objects = {

/* Begin PBXBuildFile section */
		49E603E7202DF8BF00CD00CB /* AppDelegate.swift in Sources */ = {isa = PBXBuildFile; fileRef = 49E603E6202DF8BF00CD00CB /* AppDelegate.swift */; };
		49E603E9202DF8C000CD00CB /* ViewController.swift in Sources */ = {isa = PBXBuildFile; fileRef = 49E603E8202DF8C000CD00CB /* ViewController.swift */; };
		49E603EC202DF8C000CD00CB /* Main.storyboard in Resources */ = {isa = PBXBuildFile; fileRef = 49E603EA202DF8C000CD00CB /* Main.storyboard */; };
		49E603EE202DF8C000CD00CB /* Assets.xcassets in Resources */ = {isa = PBXBuildFile; fileRef = 49E603ED202DF8C000CD00CB /* Assets.xcassets */; };
		49E603F1202DF8C000CD00CB /* LaunchScreen.storyboard in Resources */ = {isa = PBXBuildFile; fileRef = 49E603EF202DF8C000CD00CB /* LaunchScreen.storyboard */; };
		49E604EC202DFBAF00CD00CB /* AccountKit.framework in Frameworks */ = {isa = PBXBuildFile; fileRef = 49E603FA202DFBAD00CD00CB /* AccountKit.framework */; };
		49E604ED202DFBAF00CD00CB /* AccountKitStrings.bundle in Resources */ = {isa = PBXBuildFile; fileRef = 49E603FB202DFBAD00CD00CB /* AccountKitStrings.bundle */; };
		49E604EE202DFBAF00CD00CB /* Bolts.framework in Frameworks */ = {isa = PBXBuildFile; fileRef = 49E603FC202DFBAD00CD00CB /* Bolts.framework */; };
		49E604EF202DFBAF00CD00CB /* install_docsets.sh in Resources */ = {isa = PBXBuildFile; fileRef = 49E603FE202DFBAD00CD00CB /* install_docsets.sh */; };
		49E604F0202DFBAF00CD00CB /* FacebookSDKStrings.bundle in Resources */ = {isa = PBXBuildFile; fileRef = 49E603FF202DFBAD00CD00CB /* FacebookSDKStrings.bundle */; };
		49E604F1202DFBAF00CD00CB /* FBNotifications.framework in Frameworks */ = {isa = PBXBuildFile; fileRef = 49E60400202DFBAD00CD00CB /* FBNotifications.framework */; };
		49E604F2202DFBAF00CD00CB /* FBSDKCoreKit.framework in Frameworks */ = {isa = PBXBuildFile; fileRef = 49E60401202DFBAD00CD00CB /* FBSDKCoreKit.framework */; };
		49E604F3202DFBAF00CD00CB /* FBSDKLoginKit.framework in Frameworks */ = {isa = PBXBuildFile; fileRef = 49E60402202DFBAD00CD00CB /* FBSDKLoginKit.framework */; };
		49E604F4202DFBAF00CD00CB /* FBSDKMessengerShareKit.framework in Frameworks */ = {isa = PBXBuildFile; fileRef = 49E60403202DFBAD00CD00CB /* FBSDKMessengerShareKit.framework */; };
		49E604F5202DFBAF00CD00CB /* FBSDKPlacesKit.framework in Frameworks */ = {isa = PBXBuildFile; fileRef = 49E60404202DFBAD00CD00CB /* FBSDKPlacesKit.framework */; };
		49E604F6202DFBAF00CD00CB /* FBSDKShareKit.framework in Frameworks */ = {isa = PBXBuildFile; fileRef = 49E60405202DFBAD00CD00CB /* FBSDKShareKit.framework */; };
		49E604F7202DFBAF00CD00CB /* LICENSE.txt in Resources */ = {isa = PBXBuildFile; fileRef = 49E60406202DFBAD00CD00CB /* LICENSE.txt */; };
		49E604F8202DFBAF00CD00CB /* README.txt in Resources */ = {isa = PBXBuildFile; fileRef = 49E60407202DFBAD00CD00CB /* README.txt */; };
/* End PBXBuildFile section */

/* Begin PBXFileReference section */
		49E603E3202DF8BF00CD00CB /* facebookIntegrationSwift.app */ = {isa = PBXFileReference; explicitFileType = wrapper.application; includeInIndex = 0; path = facebookIntegrationSwift.app; sourceTree = BUILT_PRODUCTS_DIR; };
		49E603E6202DF8BF00CD00CB /* AppDelegate.swift */ = {isa = PBXFileReference; lastKnownFileType = sourcecode.swift; path = AppDelegate.swift; sourceTree = "<group>"; };
		49E603E8202DF8C000CD00CB /* ViewController.swift */ = {isa = PBXFileReference; lastKnownFileType = sourcecode.swift; path = ViewController.swift; sourceTree = "<group>"; };
		49E603EB202DF8C000CD00CB /* Base */ = {isa = PBXFileReference; lastKnownFileType = file.storyboard; name = Base; path = Base.lproj/Main.storyboard; sourceTree = "<group>"; };
		49E603ED202DF8C000CD00CB /* Assets.xcassets */ = {isa = PBXFileReference; lastKnownFileType = folder.assetcatalog; path = Assets.xcassets; sourceTree = "<group>"; };
		49E603F0202DF8C000CD00CB /* Base */ = {isa = PBXFileReference; lastKnownFileType = file.storyboard; name = Base; path = Base.lproj/LaunchScreen.storyboard; sourceTree = "<group>"; };
		49E603F2202DF8C000CD00CB /* Info.plist */ = {isa = PBXFileReference; lastKnownFileType = text.plist.xml; path = Info.plist; sourceTree = "<group>"; };
		49E603FA202DFBAD00CD00CB /* AccountKit.framework */ = {isa = PBXFileReference; lastKnownFileType = wrapper.framework; path = AccountKit.framework; sourceTree = "<group>"; };
		49E603FB202DFBAD00CD00CB /* AccountKitStrings.bundle */ = {isa = PBXFileReference; lastKnownFileType = "wrapper.plug-in"; path = AccountKitStrings.bundle; sourceTree = "<group>"; };
		49E603FC202DFBAD00CD00CB /* Bolts.framework */ = {isa = PBXFileReference; lastKnownFileType = wrapper.framework; path = Bolts.framework; sourceTree = "<group>"; };
		49E603FE202DFBAD00CD00CB /* install_docsets.sh */ = {isa = PBXFileReference; fileEncoding = 4; lastKnownFileType = text.script.sh; path = install_docsets.sh; sourceTree = "<group>"; };
		49E603FF202DFBAD00CD00CB /* FacebookSDKStrings.bundle */ = {isa = PBXFileReference; lastKnownFileType = "wrapper.plug-in"; path = FacebookSDKStrings.bundle; sourceTree = "<group>"; };
		49E60400202DFBAD00CD00CB /* FBNotifications.framework */ = {isa = PBXFileReference; lastKnownFileType = wrapper.framework; path = FBNotifications.framework; sourceTree = "<group>"; };
		49E60401202DFBAD00CD00CB /* FBSDKCoreKit.framework */ = {isa = PBXFileReference; lastKnownFileType = wrapper.framework; path = FBSDKCoreKit.framework; sourceTree = "<group>"; };
		49E60402202DFBAD00CD00CB /* FBSDKLoginKit.framework */ = {isa = PBXFileReference; lastKnownFileType = wrapper.framework; path = FBSDKLoginKit.framework; sourceTree = "<group>"; };
		49E60403202DFBAD00CD00CB /* FBSDKMessengerShareKit.framework */ = {isa = PBXFileReference; lastKnownFileType = wrapper.framework; path = FBSDKMessengerShareKit.framework; sourceTree = "<group>"; };
		49E60404202DFBAD00CD00CB /* FBSDKPlacesKit.framework */ = {isa = PBXFileReference; lastKnownFileType = wrapper.framework; path = FBSDKPlacesKit.framework; sourceTree = "<group>"; };
		49E60405202DFBAD00CD00CB /* FBSDKShareKit.framework */ = {isa = PBXFileReference; lastKnownFileType = wrapper.framework; path = FBSDKShareKit.framework; sourceTree = "<group>"; };
		49E60406202DFBAD00CD00CB /* LICENSE.txt */ = {isa = PBXFileReference; fileEncoding = 4; lastKnownFileType = text; path = LICENSE.txt; sourceTree = "<group>"; };
		49E60407202DFBAD00CD00CB /* README.txt */ = {isa = PBXFileReference; fileEncoding = 4; lastKnownFileType = text; path = README.txt; sourceTree = "<group>"; };
/* End PBXFileReference section */

/* Begin PBXFrameworksBuildPhase section */
		49E603E0202DF8BF00CD00CB /* Frameworks */ = {
			isa = PBXFrameworksBuildPhase;
			buildActionMask = 2147483647;
			files = (
				49E604F6202DFBAF00CD00CB /* FBSDKShareKit.framework in Frameworks */,
				49E604EC202DFBAF00CD00CB /* AccountKit.framework in Frameworks */,
				49E604F2202DFBAF00CD00CB /* FBSDKCoreKit.framework in Frameworks */,
				49E604F3202DFBAF00CD00CB /* FBSDKLoginKit.framework in Frameworks */,
				49E604F1202DFBAF00CD00CB /* FBNotifications.framework in Frameworks */,
				49E604F5202DFBAF00CD00CB /* FBSDKPlacesKit.framework in Frameworks */,
				49E604F4202DFBAF00CD00CB /* FBSDKMessengerShareKit.framework in Frameworks */,
				49E604EE202DFBAF00CD00CB /* Bolts.framework in Frameworks */,
			);
			runOnlyForDeploymentPostprocessing = 0;
		};
/* End PBXFrameworksBuildPhase section */

/* Begin PBXGroup section */
		49E603DA202DF8BF00CD00CB = {
			isa = PBXGroup;
			children = (
				49E603F8202DFB9A00CD00CB /* FacebookSDK */,
				49E603E5202DF8BF00CD00CB /* facebookIntegrationSwift */,
				49E603E4202DF8BF00CD00CB /* Products */,
			);
			sourceTree = "<group>";
		};
		49E603E4202DF8BF00CD00CB /* Products */ = {
			isa = PBXGroup;
			children = (
				49E603E3202DF8BF00CD00CB /* facebookIntegrationSwift.app */,
			);
			name = Products;
			sourceTree = "<group>";
		};
		49E603E5202DF8BF00CD00CB /* facebookIntegrationSwift */ = {
			isa = PBXGroup;
			children = (
				49E603E6202DF8BF00CD00CB /* AppDelegate.swift */,
				49E603E8202DF8C000CD00CB /* ViewController.swift */,
				49E603EA202DF8C000CD00CB /* Main.storyboard */,
				49E603ED202DF8C000CD00CB /* Assets.xcassets */,
				49E603EF202DF8C000CD00CB /* LaunchScreen.storyboard */,
				49E603F2202DF8C000CD00CB /* Info.plist */,
			);
			path = facebookIntegrationSwift;
			sourceTree = "<group>";
		};
		49E603F8202DFB9A00CD00CB /* FacebookSDK */ = {
			isa = PBXGroup;
			children = (
				49E603F9202DFBAD00CD00CB /* FacebookSDKs-iOS-4.30.0 */,
			);
			path = FacebookSDK;
			sourceTree = "<group>";
		};
		49E603F9202DFBAD00CD00CB /* FacebookSDKs-iOS-4.30.0 */ = {
			isa = PBXGroup;
			children = (
				49E603FA202DFBAD00CD00CB /* AccountKit.framework */,
				49E603FB202DFBAD00CD00CB /* AccountKitStrings.bundle */,
				49E603FC202DFBAD00CD00CB /* Bolts.framework */,
				49E603FD202DFBAD00CD00CB /* DocSets */,
				49E603FF202DFBAD00CD00CB /* FacebookSDKStrings.bundle */,
				49E60400202DFBAD00CD00CB /* FBNotifications.framework */,
				49E60401202DFBAD00CD00CB /* FBSDKCoreKit.framework */,
				49E60402202DFBAD00CD00CB /* FBSDKLoginKit.framework */,
				49E60403202DFBAD00CD00CB /* FBSDKMessengerShareKit.framework */,
				49E60404202DFBAD00CD00CB /* FBSDKPlacesKit.framework */,
				49E60405202DFBAD00CD00CB /* FBSDKShareKit.framework */,
				49E60406202DFBAD00CD00CB /* LICENSE.txt */,
				49E60407202DFBAD00CD00CB /* README.txt */,
			);
			path = "FacebookSDKs-iOS-4.30.0";
			sourceTree = "<group>";
		};
		49E603FD202DFBAD00CD00CB /* DocSets */ = {
			isa = PBXGroup;
			children = (
				49E603FE202DFBAD00CD00CB /* install_docsets.sh */,
			);
			path = DocSets;
			sourceTree = "<group>";
		};
/* End PBXGroup section */

/* Begin PBXNativeTarget section */
		49E603E2202DF8BF00CD00CB /* facebookIntegrationSwift */ = {
			isa = PBXNativeTarget;
			buildConfigurationList = 49E603F5202DF8C000CD00CB /* Build configuration list for PBXNativeTarget "facebookIntegrationSwift" */;
			buildPhases = (
				49E603DF202DF8BF00CD00CB /* Sources */,
				49E603E0202DF8BF00CD00CB /* Frameworks */,
				49E603E1202DF8BF00CD00CB /* Resources */,
			);
			buildRules = (
			);
			dependencies = (
			);
			name = facebookIntegrationSwift;
			productName = facebookIntegrationSwift;
			productReference = 49E603E3202DF8BF00CD00CB /* facebookIntegrationSwift.app */;
			productType = "com.apple.product-type.application";
		};
/* End PBXNativeTarget section */

/* Begin PBXProject section */
		49E603DB202DF8BF00CD00CB /* Project object */ = {
			isa = PBXProject;
			attributes = {
				LastSwiftUpdateCheck = 0910;
				LastUpgradeCheck = 0910;
				ORGANIZATIONNAME = user11;
				TargetAttributes = {
					49E603E2202DF8BF00CD00CB = {
						CreatedOnToolsVersion = 9.1;
						ProvisioningStyle = Automatic;
					};
				};
			};
			buildConfigurationList = 49E603DE202DF8BF00CD00CB /* Build configuration list for PBXProject "facebookIntegrationSwift" */;
			compatibilityVersion = "Xcode 8.0";
			developmentRegion = en;
			hasScannedForEncodings = 0;
			knownRegions = (
				en,
				Base,
			);
			mainGroup = 49E603DA202DF8BF00CD00CB;
			productRefGroup = 49E603E4202DF8BF00CD00CB /* Products */;
			projectDirPath = "";
			projectRoot = "";
			targets = (
				49E603E2202DF8BF00CD00CB /* facebookIntegrationSwift */,
			);
		};
/* End PBXProject section */

/* Begin PBXResourcesBuildPhase section */
		49E603E1202DF8BF00CD00CB /* Resources */ = {
			isa = PBXResourcesBuildPhase;
			buildActionMask = 2147483647;
			files = (
				49E603F1202DF8C000CD00CB /* LaunchScreen.storyboard in Resources */,
				49E604EF202DFBAF00CD00CB /* install_docsets.sh in Resources */,
				49E603EE202DF8C000CD00CB /* Assets.xcassets in Resources */,
				49E604F0202DFBAF00CD00CB /* FacebookSDKStrings.bundle in Resources */,
				49E603EC202DF8C000CD00CB /* Main.storyboard in Resources */,
				49E604ED202DFBAF00CD00CB /* AccountKitStrings.bundle in Resources */,
				49E604F8202DFBAF00CD00CB /* README.txt in Resources */,
				49E604F7202DFBAF00CD00CB /* LICENSE.txt in Resources */,
			);
			runOnlyForDeploymentPostprocessing = 0;
		};
/* End PBXResourcesBuildPhase section */

/* Begin PBXSourcesBuildPhase section */
		49E603DF202DF8BF00CD00CB /* Sources */ = {
			isa = PBXSourcesBuildPhase;
			buildActionMask = 2147483647;
			files = (
				49E603E9202DF8C000CD00CB /* ViewController.swift in Sources */,
				49E603E7202DF8BF00CD00CB /* AppDelegate.swift in Sources */,
			);
			runOnlyForDeploymentPostprocessing = 0;
		};
/* End PBXSourcesBuildPhase section */

/* Begin PBXVariantGroup section */
		49E603EA202DF8C000CD00CB /* Main.storyboard */ = {
			isa = PBXVariantGroup;
			children = (
				49E603EB202DF8C000CD00CB /* Base */,
			);
			name = Main.storyboard;
			sourceTree = "<group>";
		};
		49E603EF202DF8C000CD00CB /* LaunchScreen.storyboard */ = {
			isa = PBXVariantGroup;
			children = (
				49E603F0202DF8C000CD00CB /* Base */,
			);
			name = LaunchScreen.storyboard;
			sourceTree = "<group>";
		};
/* End PBXVariantGroup section */

/* Begin XCBuildConfiguration section */
		49E603F3202DF8C000CD00CB /* Debug */ = {
			isa = XCBuildConfiguration;
			buildSettings = {
				ALWAYS_SEARCH_USER_PATHS = NO;
				CLANG_ANALYZER_NONNULL = YES;
				CLANG_ANALYZER_NUMBER_OBJECT_CONVERSION = YES_AGGRESSIVE;
				CLANG_CXX_LANGUAGE_STANDARD = "gnu++14";
				CLANG_CXX_LIBRARY = "libc++";
				CLANG_ENABLE_MODULES = YES;
				CLANG_ENABLE_OBJC_ARC = YES;
				CLANG_WARN_BLOCK_CAPTURE_AUTORELEASING = YES;
				CLANG_WARN_BOOL_CONVERSION = YES;
				CLANG_WARN_COMMA = YES;
				CLANG_WARN_CONSTANT_CONVERSION = YES;
				CLANG_WARN_DIRECT_OBJC_ISA_USAGE = YES_ERROR;
				CLANG_WARN_DOCUMENTATION_COMMENTS = YES;
				CLANG_WARN_EMPTY_BODY = YES;
				CLANG_WARN_ENUM_CONVERSION = YES;
				CLANG_WARN_INFINITE_RECURSION = YES;
				CLANG_WARN_INT_CONVERSION = YES;
				CLANG_WARN_NON_LITERAL_NULL_CONVERSION = YES;
				CLANG_WARN_OBJC_LITERAL_CONVERSION = YES;
				CLANG_WARN_OBJC_ROOT_CLASS = YES_ERROR;
				CLANG_WARN_RANGE_LOOP_ANALYSIS = YES;
				CLANG_WARN_STRICT_PROTOTYPES = YES;
				CLANG_WARN_SUSPICIOUS_MOVE = YES;
				CLANG_WARN_UNGUARDED_AVAILABILITY = YES_AGGRESSIVE;
				CLANG_WARN_UNREACHABLE_CODE = YES;
				CLANG_WARN__DUPLICATE_METHOD_MATCH = YES;
				CODE_SIGN_IDENTITY = "iPhone Developer";
				COPY_PHASE_STRIP = NO;
				DEBUG_INFORMATION_FORMAT = dwarf;
				ENABLE_STRICT_OBJC_MSGSEND = YES;
				ENABLE_TESTABILITY = YES;
				GCC_C_LANGUAGE_STANDARD = gnu11;
				GCC_DYNAMIC_NO_PIC = NO;
				GCC_NO_COMMON_BLOCKS = YES;
				GCC_OPTIMIZATION_LEVEL = 0;
				GCC_PREPROCESSOR_DEFINITIONS = (
					"DEBUG=1",
					"$(inherited)",
				);
				GCC_WARN_64_TO_32_BIT_CONVERSION = YES;
				GCC_WARN_ABOUT_RETURN_TYPE = YES_ERROR;
				GCC_WARN_UNDECLARED_SELECTOR = YES;
				GCC_WARN_UNINITIALIZED_AUTOS = YES_AGGRESSIVE;
				GCC_WARN_UNUSED_FUNCTION = YES;
				GCC_WARN_UNUSED_VARIABLE = YES;
				IPHONEOS_DEPLOYMENT_TARGET = 11.1;
				MTL_ENABLE_DEBUG_INFO = YES;
				ONLY_ACTIVE_ARCH = YES;
				SDKROOT = iphoneos;
				SWIFT_ACTIVE_COMPILATION_CONDITIONS = DEBUG;
				SWIFT_OPTIMIZATION_LEVEL = "-Onone";
			};
			name = Debug;
		};
		49E603F4202DF8C000CD00CB /* Release */ = {
			isa = XCBuildConfiguration;
			buildSettings = {
				ALWAYS_SEARCH_USER_PATHS = NO;
				CLANG_ANALYZER_NONNULL = YES;
				CLANG_ANALYZER_NUMBER_OBJECT_CONVERSION = YES_AGGRESSIVE;
				CLANG_CXX_LANGUAGE_STANDARD = "gnu++14";
				CLANG_CXX_LIBRARY = "libc++";
				CLANG_ENABLE_MODULES = YES;
				CLANG_ENABLE_OBJC_ARC = YES;
				CLANG_WARN_BLOCK_CAPTURE_AUTORELEASING = YES;
				CLANG_WARN_BOOL_CONVERSION = YES;
				CLANG_WARN_COMMA = YES;
				CLANG_WARN_CONSTANT_CONVERSION = YES;
				CLANG_WARN_DIRECT_OBJC_ISA_USAGE = YES_ERROR;
				CLANG_WARN_DOCUMENTATION_COMMENTS = YES;
				CLANG_WARN_EMPTY_BODY = YES;
				CLANG_WARN_ENUM_CONVERSION = YES;
				CLANG_WARN_INFINITE_RECURSION = YES;
				CLANG_WARN_INT_CONVERSION = YES;
				CLANG_WARN_NON_LITERAL_NULL_CONVERSION = YES;
				CLANG_WARN_OBJC_LITERAL_CONVERSION = YES;
				CLANG_WARN_OBJC_ROOT_CLASS = YES_ERROR;
				CLANG_WARN_RANGE_LOOP_ANALYSIS = YES;
				CLANG_WARN_STRICT_PROTOTYPES = YES;
				CLANG_WARN_SUSPICIOUS_MOVE = YES;
				CLANG_WARN_UNGUARDED_AVAILABILITY = YES_AGGRESSIVE;
				CLANG_WARN_UNREACHABLE_CODE = YES;
				CLANG_WARN__DUPLICATE_METHOD_MATCH = YES;
				CODE_SIGN_IDENTITY = "iPhone Developer";
				COPY_PHASE_STRIP = NO;
				DEBUG_INFORMATION_FORMAT = "dwarf-with-dsym";
				ENABLE_NS_ASSERTIONS = NO;
				ENABLE_STRICT_OBJC_MSGSEND = YES;
				GCC_C_LANGUAGE_STANDARD = gnu11;
				GCC_NO_COMMON_BLOCKS = YES;
				GCC_WARN_64_TO_32_BIT_CONVERSION = YES;
				GCC_WARN_ABOUT_RETURN_TYPE = YES_ERROR;
				GCC_WARN_UNDECLARED_SELECTOR = YES;
				GCC_WARN_UNINITIALIZED_AUTOS = YES_AGGRESSIVE;
				GCC_WARN_UNUSED_FUNCTION = YES;
				GCC_WARN_UNUSED_VARIABLE = YES;
				IPHONEOS_DEPLOYMENT_TARGET = 11.1;
				MTL_ENABLE_DEBUG_INFO = NO;
				SDKROOT = iphoneos;
				SWIFT_OPTIMIZATION_LEVEL = "-Owholemodule";
				VALIDATE_PRODUCT = YES;
			};
			name = Release;
		};
		49E603F6202DF8C000CD00CB /* Debug */ = {
			isa = XCBuildConfiguration;
			buildSettings = {
				ASSETCATALOG_COMPILER_APPICON_NAME = AppIcon;
				CODE_SIGN_STYLE = Automatic;
				FRAMEWORK_SEARCH_PATHS = (
					"$(inherited)",
					"$(PROJECT_DIR)/FacebookSDK/FacebookSDKs-iOS-4.30.0",
				);
				INFOPLIST_FILE = facebookIntegrationSwift/Info.plist;
				LD_RUNPATH_SEARCH_PATHS = "$(inherited) @executable_path/Frameworks";
				PRODUCT_BUNDLE_IDENTIFIER = progress.facebookIntegrationSwift;
				PRODUCT_NAME = "$(TARGET_NAME)";
				SWIFT_VERSION = 4.0;
				TARGETED_DEVICE_FAMILY = "1,2";
			};
			name = Debug;
		};
		49E603F7202DF8C000CD00CB /* Release */ = {
			isa = XCBuildConfiguration;
			buildSettings = {
				ASSETCATALOG_COMPILER_APPICON_NAME = AppIcon;
				CODE_SIGN_STYLE = Automatic;
				FRAMEWORK_SEARCH_PATHS = (
					"$(inherited)",
					"$(PROJECT_DIR)/FacebookSDK/FacebookSDKs-iOS-4.30.0",
				);
				INFOPLIST_FILE = facebookIntegrationSwift/Info.plist;
				LD_RUNPATH_SEARCH_PATHS = "$(inherited) @executable_path/Frameworks";
				PRODUCT_BUNDLE_IDENTIFIER = progress.facebookIntegrationSwift;
				PRODUCT_NAME = "$(TARGET_NAME)";
				SWIFT_VERSION = 4.0;
				TARGETED_DEVICE_FAMILY = "1,2";
			};
			name = Release;
		};
/* End XCBuildConfiguration section */

/* Begin XCConfigurationList section */
		49E603DE202DF8BF00CD00CB /* Build configuration list for PBXProject "facebookIntegrationSwift" */ = {
			isa = XCConfigurationList;
			buildConfigurations = (
				49E603F3202DF8C000CD00CB /* Debug */,
				49E603F4202DF8C000CD00CB /* Release */,
			);
			defaultConfigurationIsVisible = 0;
			defaultConfigurationName = Release;
		};
		49E603F5202DF8C000CD00CB /* Build configuration list for PBXNativeTarget "facebookIntegrationSwift" */ = {
			isa = XCConfigurationList;
			buildConfigurations = (
				49E603F6202DF8C000CD00CB /* Debug */,
				49E603F7202DF8C000CD00CB /* Release */,
			);
			defaultConfigurationIsVisible = 0;
			defaultConfigurationName = Release;
		};
/* End XCConfigurationList section */
	};
	rootObject = 49E603DB202DF8BF00CD00CB /* Project object */;
}
